
Microsoft Visual Studio Solution File, Format Version 12.00
# Visual Studio Version 17
VisualStudioVersion = 17.1.32210.238
MinimumVisualStudioVersion = 10.0.40219.1
Project("{FAE04EC0-301F-11D3-BF4B-00C04F79EFBC}") = "Entities", "Entities\Entities.csproj", "{EDF89E9E-27EF-4143-AE0F-F8B028D1D0ED}"
EndProject
Project("{FAE04EC0-301F-11D3-BF4B-00C04F79EFBC}") = "DataAccess", "DataAccess\DataAccess.csproj", "{BE32D6FF-C784-4E2B-A86E-6ED8DAB3B2C4}"
EndProject
Project("{FAE04EC0-301F-11D3-BF4B-00C04F79EFBC}") = "Business", "Business\Business.csproj", "{7454E2BE-C5E3-4F40-9172-D600C4CA6C52}"
EndProject
Project("{FAE04EC0-301F-11D3-BF4B-00C04F79EFBC}") = "Core", "Core\Core.csproj", "{3F7D2628-8D87-4742-AAE3-AF063FA3D97F}"
EndProject
Project("{FAE04EC0-301F-11D3-BF4B-00C04F79EFBC}") = "WebAPI", "WebAPI\WebAPI.csproj", "{F87EA363-01DC-454C-A4A1-EEA4C113F105}"
EndProject
Global
	GlobalSection(SolutionConfigurationPlatforms) = preSolution
		Debug|Any CPU = Debug|Any CPU
		Release|Any CPU = Release|Any CPU
	EndGlobalSection
	GlobalSection(ProjectConfigurationPlatforms) = postSolution
		{EDF89E9E-27EF-4143-AE0F-F8B028D1D0ED}.Debug|Any CPU.ActiveCfg = Debug|Any CPU
		{EDF89E9E-27EF-4143-AE0F-F8B028D1D0ED}.Debug|Any CPU.Build.0 = Debug|Any CPU
		{EDF89E9E-27EF-4143-AE0F-F8B028D1D0ED}.Release|Any CPU.ActiveCfg = Release|Any CPU
		{EDF89E9E-27EF-4143-AE0F-F8B028D1D0ED}.Release|Any CPU.Build.0 = Release|Any CPU
		{BE32D6FF-C784-4E2B-A86E-6ED8DAB3B2C4}.Debug|Any CPU.ActiveCfg = Debug|Any CPU
		{BE32D6FF-C784-4E2B-A86E-6ED8DAB3B2C4}.Debug|Any CPU.Build.0 = Debug|Any CPU
		{BE32D6FF-C784-4E2B-A86E-6ED8DAB3B2C4}.Release|Any CPU.ActiveCfg = Release|Any CPU
		{BE32D6FF-C784-4E2B-A86E-6ED8DAB3B2C4}.Release|Any CPU.Build.0 = Release|Any CPU
		{7454E2BE-C5E3-4F40-9172-D600C4CA6C52}.Debug|Any CPU.ActiveCfg = Debug|Any CPU
		{7454E2BE-C5E3-4F40-9172-D600C4CA6C52}.Debug|Any CPU.Build.0 = Debug|Any CPU
		{7454E2BE-C5E3-4F40-9172-D600C4CA6C52}.Release|Any CPU.ActiveCfg = Release|Any CPU
		{7454E2BE-C5E3-4F40-9172-D600C4CA6C52}.Release|Any CPU.Build.0 = Release|Any CPU
		{3F7D2628-8D87-4742-AAE3-AF063FA3D97F}.Debug|Any CPU.ActiveCfg = Debug|Any CPU
		{3F7D2628-8D87-4742-AAE3-AF063FA3D97F}.Debug|Any CPU.Build.0 = Debug|Any CPU
		{3F7D2628-8D87-4742-AAE3-AF063FA3D97F}.Release|Any CPU.ActiveCfg = Release|Any CPU
		{3F7D2628-8D87-4742-AAE3-AF063FA3D97F}.Release|Any CPU.Build.0 = Release|Any CPU
		{F87EA363-01DC-454C-A4A1-EEA4C113F105}.Debug|Any CPU.ActiveCfg = Debug|Any CPU
		{F87EA363-01DC-454C-A4A1-EEA4C113F105}.Debug|Any CPU.Build.0 = Debug|Any CPU
		{F87EA363-01DC-454C-A4A1-EEA4C113F105}.Release|Any CPU.ActiveCfg = Release|Any CPU
		{F87EA363-01DC-454C-A4A1-EEA4C113F105}.Release|Any CPU.Build.0 = Release|Any CPU
	EndGlobalSection
	GlobalSection(SolutionProperties) = preSolution
		HideSolutionNode = FALSE
	EndGlobalSection
	GlobalSection(ExtensibilityGlobals) = postSolution
		SolutionGuid = {E0956F0B-6955-44F0-831C-E88B6660543B}
	EndGlobalSection
EndGlobal
